
Microsoft Visual Studio Solution File, Format Version 12.00
# Visual Studio Version 17
VisualStudioVersion = 17.14.36221.1 d17.14
MinimumVisualStudioVersion = 10.0.40219.1
Project("{FAE04EC0-301F-11D3-BF4B-00C04F79EFBC}") = "MUNAdmin", "MUNAdmin.csproj", "{19DABA2B-CA88-4A12-AEB7-171BB7793FA9}"
EndProject
Global
	GlobalSection(SolutionConfigurationPlatforms) = preSolution
		Debug|Any CPU = Debug|Any CPU
		Release|Any CPU = Release|Any CPU
	EndGlobalSection
	GlobalSection(ProjectConfigurationPlatforms) = postSolution
		{19DABA2B-CA88-4A12-AEB7-171BB7793FA9}.Debug|Any CPU.ActiveCfg = Debug|Any CPU
		{19DABA2B-CA88-4A12-AEB7-171BB7793FA9}.Debug|Any CPU.Build.0 = Debug|Any CPU
		{19DABA2B-CA88-4A12-AEB7-171BB7793FA9}.Release|Any CPU.ActiveCfg = Release|Any CPU
		{19DABA2B-CA88-4A12-AEB7-171BB7793FA9}.Release|Any CPU.Build.0 = Release|Any CPU
	EndGlobalSection
	GlobalSection(SolutionProperties) = preSolution
		HideSolutionNode = FALSE
	EndGlobalSection
	GlobalSection(ExtensibilityGlobals) = postSolution
		SolutionGuid = {B85C2002-2B6E-4B74-9BB4-78CC9BDB63E0}
	EndGlobalSection
EndGlobal
